// !$*UTF8*$!
{
	archiveVersion = 1;
	classes = {
	};
	objectVersion = 55;
	objects = {

/* Begin PBXBuildFile section */
		3D2535822846ACA50003E3EB /* URLs.swift in Sources */ = {isa = PBXBuildFile; fileRef = 3D2535812846ACA50003E3EB /* URLs.swift */; };
		3D2535862846B6770003E3EB /* AddFoodToCartResponse.swift in Sources */ = {isa = PBXBuildFile; fileRef = 3D2535852846B6770003E3EB /* AddFoodToCartResponse.swift */; };
		3D2535882846B6930003E3EB /* DeleteFoodFromCartResponse.swift in Sources */ = {isa = PBXBuildFile; fileRef = 3D2535872846B6930003E3EB /* DeleteFoodFromCartResponse.swift */; };
		3D2DC1D0283FAA6200BE0B15 /* FoodDetailViewController.swift in Sources */ = {isa = PBXBuildFile; fileRef = 3D2DC1CF283FAA6200BE0B15 /* FoodDetailViewController.swift */; };
		3D2DC1D2283FAAD000BE0B15 /* CartViewController.swift in Sources */ = {isa = PBXBuildFile; fileRef = 3D2DC1D1283FAAD000BE0B15 /* CartViewController.swift */; };
		3D2DC1DE283FC26600BE0B15 /* FoodsViewController.swift in Sources */ = {isa = PBXBuildFile; fileRef = 3D2DC1DD283FC26600BE0B15 /* FoodsViewController.swift */; };
		3D2DC1E2283FC2D400BE0B15 /* FoodsProtocol.swift in Sources */ = {isa = PBXBuildFile; fileRef = 3D2DC1E1283FC2D400BE0B15 /* FoodsProtocol.swift */; };
		3D2DC1E4283FC2E400BE0B15 /* FoodsInteractor.swift in Sources */ = {isa = PBXBuildFile; fileRef = 3D2DC1E3283FC2E400BE0B15 /* FoodsInteractor.swift */; };
		3D2DC1E6283FC2F400BE0B15 /* FoodsPresenter.swift in Sources */ = {isa = PBXBuildFile; fileRef = 3D2DC1E5283FC2F400BE0B15 /* FoodsPresenter.swift */; };
		3D2DC1E8283FC30200BE0B15 /* FoodsRouter.swift in Sources */ = {isa = PBXBuildFile; fileRef = 3D2DC1E7283FC30200BE0B15 /* FoodsRouter.swift */; };
		3D2DC1EA283FC32100BE0B15 /* FoodDetailProtocols.swift in Sources */ = {isa = PBXBuildFile; fileRef = 3D2DC1E9283FC32100BE0B15 /* FoodDetailProtocols.swift */; };
		3D2DC1EC283FC33200BE0B15 /* FoodDetailInteractor.swift in Sources */ = {isa = PBXBuildFile; fileRef = 3D2DC1EB283FC33200BE0B15 /* FoodDetailInteractor.swift */; };
		3D2DC1EE283FC34100BE0B15 /* FoodDetailPresenter.swift in Sources */ = {isa = PBXBuildFile; fileRef = 3D2DC1ED283FC34100BE0B15 /* FoodDetailPresenter.swift */; };
		3D2DC1F0283FC34D00BE0B15 /* FoodDetailRouter.swift in Sources */ = {isa = PBXBuildFile; fileRef = 3D2DC1EF283FC34D00BE0B15 /* FoodDetailRouter.swift */; };
		3D2DC1F4283FC37C00BE0B15 /* CartInteractor.swift in Sources */ = {isa = PBXBuildFile; fileRef = 3D2DC1F3283FC37C00BE0B15 /* CartInteractor.swift */; };
		3D2DC1F6283FC39200BE0B15 /* CartProtocol.swift in Sources */ = {isa = PBXBuildFile; fileRef = 3D2DC1F5283FC39200BE0B15 /* CartProtocol.swift */; };
		3D2DC1F8283FC39D00BE0B15 /* CartPresenter.swift in Sources */ = {isa = PBXBuildFile; fileRef = 3D2DC1F7283FC39D00BE0B15 /* CartPresenter.swift */; };
		3D2DC1FA283FC3AD00BE0B15 /* CartRouter.swift in Sources */ = {isa = PBXBuildFile; fileRef = 3D2DC1F9283FC3AD00BE0B15 /* CartRouter.swift */; };
		3D2DC1FD283FEE6900BE0B15 /* Alamofire in Frameworks */ = {isa = PBXBuildFile; productRef = 3D2DC1FC283FEE6900BE0B15 /* Alamofire */; };
		3D2DC1FF283FF2C600BE0B15 /* FoodsResponse.swift in Sources */ = {isa = PBXBuildFile; fileRef = 3D2DC1FE283FF2C600BE0B15 /* FoodsResponse.swift */; };
		3D2DC2022840100100BE0B15 /* FoodCollectionViewCell.swift in Sources */ = {isa = PBXBuildFile; fileRef = 3D2DC2012840100100BE0B15 /* FoodCollectionViewCell.swift */; };
		3D2DC2052840505900BE0B15 /* Kingfisher in Frameworks */ = {isa = PBXBuildFile; productRef = 3D2DC2042840505900BE0B15 /* Kingfisher */; };
		3D2DC20828405C9B00BE0B15 /* UPColors.swift in Sources */ = {isa = PBXBuildFile; fileRef = 3D2DC20728405C9B00BE0B15 /* UPColors.swift */; };
		3D2FF3BE284A7B3A00F5287D /* StepperView in Frameworks */ = {isa = PBXBuildFile; productRef = 3D2FF3BD284A7B3A00F5287D /* StepperView */; };
		3D2FF3C1284AB0B400F5287D /* CoreLocation.framework in Frameworks */ = {isa = PBXBuildFile; fileRef = 3D2FF3C0284AB0B400F5287D /* CoreLocation.framework */; };
		3D2FF3C3284AB0D200F5287D /* MapKit.framework in Frameworks */ = {isa = PBXBuildFile; fileRef = 3D2FF3C2284AB0D200F5287D /* MapKit.framework */; };
		3D2FF3CC284AB60D00F5287D /* OrderProtocol.swift in Sources */ = {isa = PBXBuildFile; fileRef = 3D2FF3CB284AB60D00F5287D /* OrderProtocol.swift */; };
		3D2FF3CE284AB61B00F5287D /* OrderInteractor.swift in Sources */ = {isa = PBXBuildFile; fileRef = 3D2FF3CD284AB61B00F5287D /* OrderInteractor.swift */; };
		3D2FF3D0284AB62B00F5287D /* OrderPresenter.swift in Sources */ = {isa = PBXBuildFile; fileRef = 3D2FF3CF284AB62B00F5287D /* OrderPresenter.swift */; };
		3D2FF3D2284AB64C00F5287D /* OrderViewController.swift in Sources */ = {isa = PBXBuildFile; fileRef = 3D2FF3D1284AB64C00F5287D /* OrderViewController.swift */; };
		3D2FF3D4284AB66900F5287D /* OrderRouter.swift in Sources */ = {isa = PBXBuildFile; fileRef = 3D2FF3D3284AB66900F5287D /* OrderRouter.swift */; };
		3D2FF3D8284AD42B00F5287D /* OrderComplateViewController.swift in Sources */ = {isa = PBXBuildFile; fileRef = 3D2FF3D7284AD42B00F5287D /* OrderComplateViewController.swift */; };
		3D530C59284100780064B4C1 /* CartFoods.swift in Sources */ = {isa = PBXBuildFile; fileRef = 3D530C58284100780064B4C1 /* CartFoods.swift */; };
		3D530C5C284126670064B4C1 /* CartFoodTableViewCell.swift in Sources */ = {isa = PBXBuildFile; fileRef = 3D530C5B284126670064B4C1 /* CartFoodTableViewCell.swift */; };
		3D530C5E284147AA0064B4C1 /* CartFoodsResponse.swift in Sources */ = {isa = PBXBuildFile; fileRef = 3D530C5D284147AA0064B4C1 /* CartFoodsResponse.swift */; };
		3D57478E283D7FC40029DBAB /* AppDelegate.swift in Sources */ = {isa = PBXBuildFile; fileRef = 3D57478D283D7FC40029DBAB /* AppDelegate.swift */; };
		3D574790283D7FC40029DBAB /* SceneDelegate.swift in Sources */ = {isa = PBXBuildFile; fileRef = 3D57478F283D7FC40029DBAB /* SceneDelegate.swift */; };
		3D574792283D7FC40029DBAB /* ViewController.swift in Sources */ = {isa = PBXBuildFile; fileRef = 3D574791283D7FC40029DBAB /* ViewController.swift */; };
		3D574795283D7FC40029DBAB /* Main.storyboard in Resources */ = {isa = PBXBuildFile; fileRef = 3D574793283D7FC40029DBAB /* Main.storyboard */; };
		3D574798283D7FC40029DBAB /* Upcuisine.xcdatamodeld in Sources */ = {isa = PBXBuildFile; fileRef = 3D574796283D7FC40029DBAB /* Upcuisine.xcdatamodeld */; };
		3D57479A283D7FC50029DBAB /* Assets.xcassets in Resources */ = {isa = PBXBuildFile; fileRef = 3D574799283D7FC50029DBAB /* Assets.xcassets */; };
		3D57479D283D7FC50029DBAB /* LaunchScreen.storyboard in Resources */ = {isa = PBXBuildFile; fileRef = 3D57479B283D7FC50029DBAB /* LaunchScreen.storyboard */; };
		3D5747C2283DA7D80029DBAB /* Foods.swift in Sources */ = {isa = PBXBuildFile; fileRef = 3D5747C1283DA7D80029DBAB /* Foods.swift */; };
		3D5747C7283DAFBE0029DBAB /* Rock_Salt in Resources */ = {isa = PBXBuildFile; fileRef = 3D5747C6283DAFBE0029DBAB /* Rock_Salt */; };
/* End PBXBuildFile section */

/* Begin PBXFileReference section */
		3D2535812846ACA50003E3EB /* URLs.swift */ = {isa = PBXFileReference; lastKnownFileType = sourcecode.swift; path = URLs.swift; sourceTree = "<group>"; };
		3D2535852846B6770003E3EB /* AddFoodToCartResponse.swift */ = {isa = PBXFileReference; lastKnownFileType = sourcecode.swift; path = AddFoodToCartResponse.swift; sourceTree = "<group>"; };
		3D2535872846B6930003E3EB /* DeleteFoodFromCartResponse.swift */ = {isa = PBXFileReference; lastKnownFileType = sourcecode.swift; path = DeleteFoodFromCartResponse.swift; sourceTree = "<group>"; };
		3D2DC1CF283FAA6200BE0B15 /* FoodDetailViewController.swift */ = {isa = PBXFileReference; lastKnownFileType = sourcecode.swift; path = FoodDetailViewController.swift; sourceTree = "<group>"; };
		3D2DC1D1283FAAD000BE0B15 /* CartViewController.swift */ = {isa = PBXFileReference; lastKnownFileType = sourcecode.swift; path = CartViewController.swift; sourceTree = "<group>"; };
		3D2DC1DD283FC26600BE0B15 /* FoodsViewController.swift */ = {isa = PBXFileReference; lastKnownFileType = sourcecode.swift; path = FoodsViewController.swift; sourceTree = "<group>"; };
		3D2DC1E1283FC2D400BE0B15 /* FoodsProtocol.swift */ = {isa = PBXFileReference; lastKnownFileType = sourcecode.swift; path = FoodsProtocol.swift; sourceTree = "<group>"; };
		3D2DC1E3283FC2E400BE0B15 /* FoodsInteractor.swift */ = {isa = PBXFileReference; lastKnownFileType = sourcecode.swift; path = FoodsInteractor.swift; sourceTree = "<group>"; };
		3D2DC1E5283FC2F400BE0B15 /* FoodsPresenter.swift */ = {isa = PBXFileReference; lastKnownFileType = sourcecode.swift; path = FoodsPresenter.swift; sourceTree = "<group>"; };
		3D2DC1E7283FC30200BE0B15 /* FoodsRouter.swift */ = {isa = PBXFileReference; lastKnownFileType = sourcecode.swift; path = FoodsRouter.swift; sourceTree = "<group>"; };
		3D2DC1E9283FC32100BE0B15 /* FoodDetailProtocols.swift */ = {isa = PBXFileReference; lastKnownFileType = sourcecode.swift; path = FoodDetailProtocols.swift; sourceTree = "<group>"; };
		3D2DC1EB283FC33200BE0B15 /* FoodDetailInteractor.swift */ = {isa = PBXFileReference; lastKnownFileType = sourcecode.swift; path = FoodDetailInteractor.swift; sourceTree = "<group>"; };
		3D2DC1ED283FC34100BE0B15 /* FoodDetailPresenter.swift */ = {isa = PBXFileReference; lastKnownFileType = sourcecode.swift; path = FoodDetailPresenter.swift; sourceTree = "<group>"; };
		3D2DC1EF283FC34D00BE0B15 /* FoodDetailRouter.swift */ = {isa = PBXFileReference; lastKnownFileType = sourcecode.swift; path = FoodDetailRouter.swift; sourceTree = "<group>"; };
		3D2DC1F3283FC37C00BE0B15 /* CartInteractor.swift */ = {isa = PBXFileReference; lastKnownFileType = sourcecode.swift; path = CartInteractor.swift; sourceTree = "<group>"; };
		3D2DC1F5283FC39200BE0B15 /* CartProtocol.swift */ = {isa = PBXFileReference; lastKnownFileType = sourcecode.swift; path = CartProtocol.swift; sourceTree = "<group>"; };
		3D2DC1F7283FC39D00BE0B15 /* CartPresenter.swift */ = {isa = PBXFileReference; lastKnownFileType = sourcecode.swift; path = CartPresenter.swift; sourceTree = "<group>"; };
		3D2DC1F9283FC3AD00BE0B15 /* CartRouter.swift */ = {isa = PBXFileReference; lastKnownFileType = sourcecode.swift; path = CartRouter.swift; sourceTree = "<group>"; };
		3D2DC1FE283FF2C600BE0B15 /* FoodsResponse.swift */ = {isa = PBXFileReference; lastKnownFileType = sourcecode.swift; path = FoodsResponse.swift; sourceTree = "<group>"; };
		3D2DC2012840100100BE0B15 /* FoodCollectionViewCell.swift */ = {isa = PBXFileReference; lastKnownFileType = sourcecode.swift; path = FoodCollectionViewCell.swift; sourceTree = "<group>"; };
		3D2DC20728405C9B00BE0B15 /* UPColors.swift */ = {isa = PBXFileReference; lastKnownFileType = sourcecode.swift; path = UPColors.swift; sourceTree = "<group>"; };
		3D2FF3C0284AB0B400F5287D /* CoreLocation.framework */ = {isa = PBXFileReference; lastKnownFileType = wrapper.framework; name = CoreLocation.framework; path = System/Library/Frameworks/CoreLocation.framework; sourceTree = SDKROOT; };
		3D2FF3C2284AB0D200F5287D /* MapKit.framework */ = {isa = PBXFileReference; lastKnownFileType = wrapper.framework; name = MapKit.framework; path = System/Library/Frameworks/MapKit.framework; sourceTree = SDKROOT; };
		3D2FF3CB284AB60D00F5287D /* OrderProtocol.swift */ = {isa = PBXFileReference; lastKnownFileType = sourcecode.swift; path = OrderProtocol.swift; sourceTree = "<group>"; };
		3D2FF3CD284AB61B00F5287D /* OrderInteractor.swift */ = {isa = PBXFileReference; lastKnownFileType = sourcecode.swift; path = OrderInteractor.swift; sourceTree = "<group>"; };
		3D2FF3CF284AB62B00F5287D /* OrderPresenter.swift */ = {isa = PBXFileReference; lastKnownFileType = sourcecode.swift; path = OrderPresenter.swift; sourceTree = "<group>"; };
		3D2FF3D1284AB64C00F5287D /* OrderViewController.swift */ = {isa = PBXFileReference; lastKnownFileType = sourcecode.swift; path = OrderViewController.swift; sourceTree = "<group>"; };
		3D2FF3D3284AB66900F5287D /* OrderRouter.swift */ = {isa = PBXFileReference; lastKnownFileType = sourcecode.swift; path = OrderRouter.swift; sourceTree = "<group>"; };
		3D2FF3D7284AD42B00F5287D /* OrderComplateViewController.swift */ = {isa = PBXFileReference; lastKnownFileType = sourcecode.swift; path = OrderComplateViewController.swift; sourceTree = "<group>"; };
		3D530C58284100780064B4C1 /* CartFoods.swift */ = {isa = PBXFileReference; lastKnownFileType = sourcecode.swift; path = CartFoods.swift; sourceTree = "<group>"; };
		3D530C5B284126670064B4C1 /* CartFoodTableViewCell.swift */ = {isa = PBXFileReference; lastKnownFileType = sourcecode.swift; path = CartFoodTableViewCell.swift; sourceTree = "<group>"; };
		3D530C5D284147AA0064B4C1 /* CartFoodsResponse.swift */ = {isa = PBXFileReference; lastKnownFileType = sourcecode.swift; path = CartFoodsResponse.swift; sourceTree = "<group>"; };
		3D57478A283D7FC40029DBAB /* Upcuisine.app */ = {isa = PBXFileReference; explicitFileType = wrapper.application; includeInIndex = 0; path = Upcuisine.app; sourceTree = BUILT_PRODUCTS_DIR; };
		3D57478D283D7FC40029DBAB /* AppDelegate.swift */ = {isa = PBXFileReference; lastKnownFileType = sourcecode.swift; path = AppDelegate.swift; sourceTree = "<group>"; };
		3D57478F283D7FC40029DBAB /* SceneDelegate.swift */ = {isa = PBXFileReference; lastKnownFileType = sourcecode.swift; path = SceneDelegate.swift; sourceTree = "<group>"; };
		3D574791283D7FC40029DBAB /* ViewController.swift */ = {isa = PBXFileReference; lastKnownFileType = sourcecode.swift; path = ViewController.swift; sourceTree = "<group>"; };
		3D574794283D7FC40029DBAB /* Base */ = {isa = PBXFileReference; lastKnownFileType = file.storyboard; name = Base; path = Base.lproj/Main.storyboard; sourceTree = "<group>"; };
		3D574797283D7FC40029DBAB /* Upcuisine.xcdatamodel */ = {isa = PBXFileReference; lastKnownFileType = wrapper.xcdatamodel; path = Upcuisine.xcdatamodel; sourceTree = "<group>"; };
		3D574799283D7FC50029DBAB /* Assets.xcassets */ = {isa = PBXFileReference; lastKnownFileType = folder.assetcatalog; path = Assets.xcassets; sourceTree = "<group>"; };
		3D57479C283D7FC50029DBAB /* Base */ = {isa = PBXFileReference; lastKnownFileType = file.storyboard; name = Base; path = Base.lproj/LaunchScreen.storyboard; sourceTree = "<group>"; };
		3D57479E283D7FC50029DBAB /* Info.plist */ = {isa = PBXFileReference; lastKnownFileType = text.plist.xml; path = Info.plist; sourceTree = "<group>"; };
		3D5747C1283DA7D80029DBAB /* Foods.swift */ = {isa = PBXFileReference; lastKnownFileType = sourcecode.swift; path = Foods.swift; sourceTree = "<group>"; };
		3D5747C6283DAFBE0029DBAB /* Rock_Salt */ = {isa = PBXFileReference; lastKnownFileType = folder; path = Rock_Salt; sourceTree = "<group>"; };
/* End PBXFileReference section */

/* Begin PBXFrameworksBuildPhase section */
		3D574787283D7FC40029DBAB /* Frameworks */ = {
			isa = PBXFrameworksBuildPhase;
			buildActionMask = 2147483647;
			files = (
				3D2FF3C1284AB0B400F5287D /* CoreLocation.framework in Frameworks */,
				3D2FF3BE284A7B3A00F5287D /* StepperView in Frameworks */,
				3D2FF3C3284AB0D200F5287D /* MapKit.framework in Frameworks */,
				3D2DC2052840505900BE0B15 /* Kingfisher in Frameworks */,
				3D2DC1FD283FEE6900BE0B15 /* Alamofire in Frameworks */,
			);
			runOnlyForDeploymentPostprocessing = 0;
		};
/* End PBXFrameworksBuildPhase section */

/* Begin PBXGroup section */
		3D25357E2846A8DE0003E3EB /* Constants */ = {
			isa = PBXGroup;
			children = (
				3D2535812846ACA50003E3EB /* URLs.swift */,
			);
			path = Constants;
			sourceTree = "<group>";
		};
		3D2DC20028400FC700BE0B15 /* collectionView */ = {
			isa = PBXGroup;
			children = (
				3D2DC2012840100100BE0B15 /* FoodCollectionViewCell.swift */,
			);
			path = collectionView;
			sourceTree = "<group>";
		};
		3D2DC20628405C8000BE0B15 /* Colors */ = {
			isa = PBXGroup;
			children = (
				3D2DC20728405C9B00BE0B15 /* UPColors.swift */,
			);
			path = Colors;
			sourceTree = "<group>";
		};
		3D2FF3BF284AB0B400F5287D /* Frameworks */ = {
			isa = PBXGroup;
			children = (
				3D2FF3C2284AB0D200F5287D /* MapKit.framework */,
				3D2FF3C0284AB0B400F5287D /* CoreLocation.framework */,
			);
			name = Frameworks;
			sourceTree = "<group>";
		};
		3D2FF3C5284AB57B00F5287D /* order-module */ = {
			isa = PBXGroup;
			children = (
				3D2FF3CA284AB5E600F5287D /* router */,
				3D2FF3C9284AB5E000F5287D /* view */,
				3D2FF3C8284AB5D800F5287D /* presenter */,
				3D2FF3C7284AB5CC00F5287D /* interactor */,
				3D2FF3C6284AB5B700F5287D /* protocol */,
			);
			path = "order-module";
			sourceTree = "<group>";
		};
		3D2FF3C6284AB5B700F5287D /* protocol */ = {
			isa = PBXGroup;
			children = (
				3D2FF3CB284AB60D00F5287D /* OrderProtocol.swift */,
			);
			path = protocol;
			sourceTree = "<group>";
		};
		3D2FF3C7284AB5CC00F5287D /* interactor */ = {
			isa = PBXGroup;
			children = (
				3D2FF3CD284AB61B00F5287D /* OrderInteractor.swift */,
			);
			path = interactor;
			sourceTree = "<group>";
		};
		3D2FF3C8284AB5D800F5287D /* presenter */ = {
			isa = PBXGroup;
			children = (
				3D2FF3CF284AB62B00F5287D /* OrderPresenter.swift */,
			);
			path = presenter;
			sourceTree = "<group>";
		};
		3D2FF3C9284AB5E000F5287D /* view */ = {
			isa = PBXGroup;
			children = (
				3D2FF3D1284AB64C00F5287D /* OrderViewController.swift */,
			);
			path = view;
			sourceTree = "<group>";
		};
		3D2FF3CA284AB5E600F5287D /* router */ = {
			isa = PBXGroup;
			children = (
				3D2FF3D3284AB66900F5287D /* OrderRouter.swift */,
			);
			path = router;
			sourceTree = "<group>";
		};
		3D2FF3D5284AD40100F5287D /* orderComplate-module */ = {
			isa = PBXGroup;
			children = (
				3D2FF3D6284AD41500F5287D /* view */,
			);
			path = "orderComplate-module";
			sourceTree = "<group>";
		};
		3D2FF3D6284AD41500F5287D /* view */ = {
			isa = PBXGroup;
			children = (
				3D2FF3D7284AD42B00F5287D /* OrderComplateViewController.swift */,
			);
			path = view;
			sourceTree = "<group>";
		};
		3D530C5A284126490064B4C1 /* tableView */ = {
			isa = PBXGroup;
			children = (
				3D530C5B284126670064B4C1 /* CartFoodTableViewCell.swift */,
			);
			path = tableView;
			sourceTree = "<group>";
		};
		3D574781283D7FC40029DBAB = {
			isa = PBXGroup;
			children = (
				3D57478C283D7FC40029DBAB /* Upcuisine */,
				3D57478B283D7FC40029DBAB /* Products */,
				3D2FF3BF284AB0B400F5287D /* Frameworks */,
			);
			sourceTree = "<group>";
		};
		3D57478B283D7FC40029DBAB /* Products */ = {
			isa = PBXGroup;
			children = (
				3D57478A283D7FC40029DBAB /* Upcuisine.app */,
			);
			name = Products;
			sourceTree = "<group>";
		};
		3D57478C283D7FC40029DBAB /* Upcuisine */ = {
			isa = PBXGroup;
			children = (
				3D25357E2846A8DE0003E3EB /* Constants */,
				3D2DC20628405C8000BE0B15 /* Colors */,
				3D5747C5283DAFA00029DBAB /* fonts */,
				3D5747AA283D974D0029DBAB /* entity */,
				3D2FF3D5284AD40100F5287D /* orderComplate-module */,
				3D2FF3C5284AB57B00F5287D /* order-module */,
				3D5747A8283D850A0029DBAB /* cart-module */,
				3D5747A7283D849F0029DBAB /* foodDetail-module */,
				3D5747A5283D83880029DBAB /* foods-module */,
				3D57478D283D7FC40029DBAB /* AppDelegate.swift */,
				3D57478F283D7FC40029DBAB /* SceneDelegate.swift */,
				3D574791283D7FC40029DBAB /* ViewController.swift */,
				3D574793283D7FC40029DBAB /* Main.storyboard */,
				3D574799283D7FC50029DBAB /* Assets.xcassets */,
				3D57479B283D7FC50029DBAB /* LaunchScreen.storyboard */,
				3D57479E283D7FC50029DBAB /* Info.plist */,
				3D574796283D7FC40029DBAB /* Upcuisine.xcdatamodeld */,
			);
			path = Upcuisine;
			sourceTree = "<group>";
		};
		3D5747A5283D83880029DBAB /* foods-module */ = {
			isa = PBXGroup;
			children = (
				3D2DC20028400FC700BE0B15 /* collectionView */,
				3D5747AF283D98380029DBAB /* router */,
				3D5747AE283D98320029DBAB /* view */,
				3D5747AD283D98260029DBAB /* presenter */,
				3D5747AC283D98150029DBAB /* interactor */,
				3D5747AB283D98060029DBAB /* protocols */,
			);
			path = "foods-module";
			sourceTree = "<group>";
		};
		3D5747A7283D849F0029DBAB /* foodDetail-module */ = {
			isa = PBXGroup;
			children = (
				3D5747B4283DA3950029DBAB /* router */,
				3D5747B3283DA38E0029DBAB /* view */,
				3D5747B2283DA3850029DBAB /* presenter */,
				3D5747B1283DA37B0029DBAB /* interactor */,
				3D5747B0283DA36E0029DBAB /* protocols */,
			);
			path = "foodDetail-module";
			sourceTree = "<group>";
		};
		3D5747A8283D850A0029DBAB /* cart-module */ = {
			isa = PBXGroup;
			children = (
				3D530C5A284126490064B4C1 /* tableView */,
				3D5747B9283DA3DB0029DBAB /* router */,
				3D5747B8283DA3D40029DBAB /* view */,
				3D5747B7283DA3CD0029DBAB /* presenter */,
				3D5747B6283DA3C10029DBAB /* interactor */,
				3D5747B5283DA3B60029DBAB /* protocols */,
			);
			path = "cart-module";
			sourceTree = "<group>";
		};
		3D5747AA283D974D0029DBAB /* entity */ = {
			isa = PBXGroup;
			children = (
				3D5747C1283DA7D80029DBAB /* Foods.swift */,
				3D2DC1FE283FF2C600BE0B15 /* FoodsResponse.swift */,
				3D530C58284100780064B4C1 /* CartFoods.swift */,
				3D530C5D284147AA0064B4C1 /* CartFoodsResponse.swift */,
				3D2535852846B6770003E3EB /* AddFoodToCartResponse.swift */,
				3D2535872846B6930003E3EB /* DeleteFoodFromCartResponse.swift */,
			);
			path = entity;
			sourceTree = "<group>";
		};
		3D5747AB283D98060029DBAB /* protocols */ = {
			isa = PBXGroup;
			children = (
				3D2DC1E1283FC2D400BE0B15 /* FoodsProtocol.swift */,
			);
			path = protocols;
			sourceTree = "<group>";
		};
		3D5747AC283D98150029DBAB /* interactor */ = {
			isa = PBXGroup;
			children = (
				3D2DC1E3283FC2E400BE0B15 /* FoodsInteractor.swift */,
			);
			path = interactor;
			sourceTree = "<group>";
		};
		3D5747AD283D98260029DBAB /* presenter */ = {
			isa = PBXGroup;
			children = (
				3D2DC1E5283FC2F400BE0B15 /* FoodsPresenter.swift */,
			);
			path = presenter;
			sourceTree = "<group>";
		};
		3D5747AE283D98320029DBAB /* view */ = {
			isa = PBXGroup;
			children = (
				3D2DC1DD283FC26600BE0B15 /* FoodsViewController.swift */,
			);
			path = view;
			sourceTree = "<group>";
		};
		3D5747AF283D98380029DBAB /* router */ = {
			isa = PBXGroup;
			children = (
				3D2DC1E7283FC30200BE0B15 /* FoodsRouter.swift */,
			);
			path = router;
			sourceTree = "<group>";
		};
		3D5747B0283DA36E0029DBAB /* protocols */ = {
			isa = PBXGroup;
			children = (
				3D2DC1E9283FC32100BE0B15 /* FoodDetailProtocols.swift */,
			);
			path = protocols;
			sourceTree = "<group>";
		};
		3D5747B1283DA37B0029DBAB /* interactor */ = {
			isa = PBXGroup;
			children = (
				3D2DC1EB283FC33200BE0B15 /* FoodDetailInteractor.swift */,
			);
			path = interactor;
			sourceTree = "<group>";
		};
		3D5747B2283DA3850029DBAB /* presenter */ = {
			isa = PBXGroup;
			children = (
				3D2DC1ED283FC34100BE0B15 /* FoodDetailPresenter.swift */,
			);
			path = presenter;
			sourceTree = "<group>";
		};
		3D5747B3283DA38E0029DBAB /* view */ = {
			isa = PBXGroup;
			children = (
				3D2DC1CF283FAA6200BE0B15 /* FoodDetailViewController.swift */,
			);
			path = view;
			sourceTree = "<group>";
		};
		3D5747B4283DA3950029DBAB /* router */ = {
			isa = PBXGroup;
			children = (
				3D2DC1EF283FC34D00BE0B15 /* FoodDetailRouter.swift */,
			);
			path = router;
			sourceTree = "<group>";
		};
		3D5747B5283DA3B60029DBAB /* protocols */ = {
			isa = PBXGroup;
			children = (
				3D2DC1F5283FC39200BE0B15 /* CartProtocol.swift */,
			);
			path = protocols;
			sourceTree = "<group>";
		};
		3D5747B6283DA3C10029DBAB /* interactor */ = {
			isa = PBXGroup;
			children = (
				3D2DC1F3283FC37C00BE0B15 /* CartInteractor.swift */,
			);
			path = interactor;
			sourceTree = "<group>";
		};
		3D5747B7283DA3CD0029DBAB /* presenter */ = {
			isa = PBXGroup;
			children = (
				3D2DC1F7283FC39D00BE0B15 /* CartPresenter.swift */,
			);
			path = presenter;
			sourceTree = "<group>";
		};
		3D5747B8283DA3D40029DBAB /* view */ = {
			isa = PBXGroup;
			children = (
				3D2DC1D1283FAAD000BE0B15 /* CartViewController.swift */,
			);
			path = view;
			sourceTree = "<group>";
		};
		3D5747B9283DA3DB0029DBAB /* router */ = {
			isa = PBXGroup;
			children = (
				3D2DC1F9283FC3AD00BE0B15 /* CartRouter.swift */,
			);
			path = router;
			sourceTree = "<group>";
		};
		3D5747C5283DAFA00029DBAB /* fonts */ = {
			isa = PBXGroup;
			children = (
				3D5747C6283DAFBE0029DBAB /* Rock_Salt */,
			);
			path = fonts;
			sourceTree = "<group>";
		};
/* End PBXGroup section */

/* Begin PBXNativeTarget section */
		3D574789283D7FC40029DBAB /* Upcuisine */ = {
			isa = PBXNativeTarget;
			buildConfigurationList = 3D5747A1283D7FC50029DBAB /* Build configuration list for PBXNativeTarget "Upcuisine" */;
			buildPhases = (
				3D574786283D7FC40029DBAB /* Sources */,
				3D574787283D7FC40029DBAB /* Frameworks */,
				3D574788283D7FC40029DBAB /* Resources */,
			);
			buildRules = (
			);
			dependencies = (
			);
			name = Upcuisine;
			packageProductDependencies = (
				3D2DC1FC283FEE6900BE0B15 /* Alamofire */,
				3D2DC2042840505900BE0B15 /* Kingfisher */,
				3D2FF3BD284A7B3A00F5287D /* StepperView */,
			);
			productName = Upcuisine;
			productReference = 3D57478A283D7FC40029DBAB /* Upcuisine.app */;
			productType = "com.apple.product-type.application";
		};
/* End PBXNativeTarget section */

/* Begin PBXProject section */
		3D574782283D7FC40029DBAB /* Project object */ = {
			isa = PBXProject;
			attributes = {
				BuildIndependentTargetsInParallel = 1;
				LastSwiftUpdateCheck = 1320;
				LastUpgradeCheck = 1320;
				TargetAttributes = {
					3D574789283D7FC40029DBAB = {
						CreatedOnToolsVersion = 13.2.1;
					};
				};
			};
			buildConfigurationList = 3D574785283D7FC40029DBAB /* Build configuration list for PBXProject "Upcuisine" */;
			compatibilityVersion = "Xcode 13.0";
			developmentRegion = en;
			hasScannedForEncodings = 0;
			knownRegions = (
				en,
				Base,
			);
			mainGroup = 3D574781283D7FC40029DBAB;
			packageReferences = (
				3D2DC1FB283FEE6900BE0B15 /* XCRemoteSwiftPackageReference "Alamofire" */,
				3D2DC2032840505900BE0B15 /* XCRemoteSwiftPackageReference "Kingfisher" */,
				3D2FF3BC284A7B3A00F5287D /* XCRemoteSwiftPackageReference "StepperView" */,
			);
			productRefGroup = 3D57478B283D7FC40029DBAB /* Products */;
			projectDirPath = "";
			projectRoot = "";
			targets = (
				3D574789283D7FC40029DBAB /* Upcuisine */,
			);
		};
/* End PBXProject section */

/* Begin PBXResourcesBuildPhase section */
		3D574788283D7FC40029DBAB /* Resources */ = {
			isa = PBXResourcesBuildPhase;
			buildActionMask = 2147483647;
			files = (
				3D57479D283D7FC50029DBAB /* LaunchScreen.storyboard in Resources */,
				3D57479A283D7FC50029DBAB /* Assets.xcassets in Resources */,
				3D574795283D7FC40029DBAB /* Main.storyboard in Resources */,
				3D5747C7283DAFBE0029DBAB /* Rock_Salt in Resources */,
			);
			runOnlyForDeploymentPostprocessing = 0;
		};
/* End PBXResourcesBuildPhase section */

/* Begin PBXSourcesBuildPhase section */
		3D574786283D7FC40029DBAB /* Sources */ = {
			isa = PBXSourcesBuildPhase;
			buildActionMask = 2147483647;
			files = (
				3D2DC2022840100100BE0B15 /* FoodCollectionViewCell.swift in Sources */,
				3D5747C2283DA7D80029DBAB /* Foods.swift in Sources */,
				3D2DC1F6283FC39200BE0B15 /* CartProtocol.swift in Sources */,
				3D2FF3D0284AB62B00F5287D /* OrderPresenter.swift in Sources */,
				3D2535822846ACA50003E3EB /* URLs.swift in Sources */,
				3D2DC1E2283FC2D400BE0B15 /* FoodsProtocol.swift in Sources */,
				3D2DC1E6283FC2F400BE0B15 /* FoodsPresenter.swift in Sources */,
				3D574792283D7FC40029DBAB /* ViewController.swift in Sources */,
				3D2DC1D0283FAA6200BE0B15 /* FoodDetailViewController.swift in Sources */,
				3D2FF3CC284AB60D00F5287D /* OrderProtocol.swift in Sources */,
				3D57478E283D7FC40029DBAB /* AppDelegate.swift in Sources */,
				3D2DC1F4283FC37C00BE0B15 /* CartInteractor.swift in Sources */,
				3D2DC1EC283FC33200BE0B15 /* FoodDetailInteractor.swift in Sources */,
				3D2535862846B6770003E3EB /* AddFoodToCartResponse.swift in Sources */,
				3D2DC1EE283FC34100BE0B15 /* FoodDetailPresenter.swift in Sources */,
				3D2DC1E4283FC2E400BE0B15 /* FoodsInteractor.swift in Sources */,
				3D2DC1FF283FF2C600BE0B15 /* FoodsResponse.swift in Sources */,
				3D2535882846B6930003E3EB /* DeleteFoodFromCartResponse.swift in Sources */,
				3D2DC1FA283FC3AD00BE0B15 /* CartRouter.swift in Sources */,
				3D2FF3D8284AD42B00F5287D /* OrderComplateViewController.swift in Sources */,
				3D530C5C284126670064B4C1 /* CartFoodTableViewCell.swift in Sources */,
				3D2FF3D2284AB64C00F5287D /* OrderViewController.swift in Sources */,
				3D2DC1DE283FC26600BE0B15 /* FoodsViewController.swift in Sources */,
				3D574790283D7FC40029DBAB /* SceneDelegate.swift in Sources */,
				3D2DC1E8283FC30200BE0B15 /* FoodsRouter.swift in Sources */,
				3D2DC20828405C9B00BE0B15 /* UPColors.swift in Sources */,
				3D2DC1D2283FAAD000BE0B15 /* CartViewController.swift in Sources */,
				3D2DC1F8283FC39D00BE0B15 /* CartPresenter.swift in Sources */,
				3D2DC1EA283FC32100BE0B15 /* FoodDetailProtocols.swift in Sources */,
				3D574798283D7FC40029DBAB /* Upcuisine.xcdatamodeld in Sources */,
				3D2DC1F0283FC34D00BE0B15 /* FoodDetailRouter.swift in Sources */,
				3D2FF3CE284AB61B00F5287D /* OrderInteractor.swift in Sources */,
				3D2FF3D4284AB66900F5287D /* OrderRouter.swift in Sources */,
				3D530C5E284147AA0064B4C1 /* CartFoodsResponse.swift in Sources */,
				3D530C59284100780064B4C1 /* CartFoods.swift in Sources */,
			);
			runOnlyForDeploymentPostprocessing = 0;
		};
/* End PBXSourcesBuildPhase section */

/* Begin PBXVariantGroup section */
		3D574793283D7FC40029DBAB /* Main.storyboard */ = {
			isa = PBXVariantGroup;
			children = (
				3D574794283D7FC40029DBAB /* Base */,
			);
			name = Main.storyboard;
			sourceTree = "<group>";
		};
		3D57479B283D7FC50029DBAB /* LaunchScreen.storyboard */ = {
			isa = PBXVariantGroup;
			children = (
				3D57479C283D7FC50029DBAB /* Base */,
			);
			name = LaunchScreen.storyboard;
			sourceTree = "<group>";
		};
/* End PBXVariantGroup section */

/* Begin XCBuildConfiguration section */
		3D57479F283D7FC50029DBAB /* Debug */ = {
			isa = XCBuildConfiguration;
			buildSettings = {
				ALWAYS_SEARCH_USER_PATHS = NO;
				CLANG_ANALYZER_NONNULL = YES;
				CLANG_ANALYZER_NUMBER_OBJECT_CONVERSION = YES_AGGRESSIVE;
				CLANG_CXX_LANGUAGE_STANDARD = "gnu++17";
				CLANG_CXX_LIBRARY = "libc++";
				CLANG_ENABLE_MODULES = YES;
				CLANG_ENABLE_OBJC_ARC = YES;
				CLANG_ENABLE_OBJC_WEAK = YES;
				CLANG_WARN_BLOCK_CAPTURE_AUTORELEASING = YES;
				CLANG_WARN_BOOL_CONVERSION = YES;
				CLANG_WARN_COMMA = YES;
				CLANG_WARN_CONSTANT_CONVERSION = YES;
				CLANG_WARN_DEPRECATED_OBJC_IMPLEMENTATIONS = YES;
				CLANG_WARN_DIRECT_OBJC_ISA_USAGE = YES_ERROR;
				CLANG_WARN_DOCUMENTATION_COMMENTS = YES;
				CLANG_WARN_EMPTY_BODY = YES;
				CLANG_WARN_ENUM_CONVERSION = YES;
				CLANG_WARN_INFINITE_RECURSION = YES;
				CLANG_WARN_INT_CONVERSION = YES;
				CLANG_WARN_NON_LITERAL_NULL_CONVERSION = YES;
				CLANG_WARN_OBJC_IMPLICIT_RETAIN_SELF = YES;
				CLANG_WARN_OBJC_LITERAL_CONVERSION = YES;
				CLANG_WARN_OBJC_ROOT_CLASS = YES_ERROR;
				CLANG_WARN_QUOTED_INCLUDE_IN_FRAMEWORK_HEADER = YES;
				CLANG_WARN_RANGE_LOOP_ANALYSIS = YES;
				CLANG_WARN_STRICT_PROTOTYPES = YES;
				CLANG_WARN_SUSPICIOUS_MOVE = YES;
				CLANG_WARN_UNGUARDED_AVAILABILITY = YES_AGGRESSIVE;
				CLANG_WARN_UNREACHABLE_CODE = YES;
				CLANG_WARN__DUPLICATE_METHOD_MATCH = YES;
				COPY_PHASE_STRIP = NO;
				DEBUG_INFORMATION_FORMAT = dwarf;
				ENABLE_STRICT_OBJC_MSGSEND = YES;
				ENABLE_TESTABILITY = YES;
				GCC_C_LANGUAGE_STANDARD = gnu11;
				GCC_DYNAMIC_NO_PIC = NO;
				GCC_NO_COMMON_BLOCKS = YES;
				GCC_OPTIMIZATION_LEVEL = 0;
				GCC_PREPROCESSOR_DEFINITIONS = (
					"DEBUG=1",
					"$(inherited)",
				);
				GCC_WARN_64_TO_32_BIT_CONVERSION = YES;
				GCC_WARN_ABOUT_RETURN_TYPE = YES_ERROR;
				GCC_WARN_UNDECLARED_SELECTOR = YES;
				GCC_WARN_UNINITIALIZED_AUTOS = YES_AGGRESSIVE;
				GCC_WARN_UNUSED_FUNCTION = YES;
				GCC_WARN_UNUSED_VARIABLE = YES;
				IPHONEOS_DEPLOYMENT_TARGET = 15.2;
				MTL_ENABLE_DEBUG_INFO = INCLUDE_SOURCE;
				MTL_FAST_MATH = YES;
				ONLY_ACTIVE_ARCH = YES;
				SDKROOT = iphoneos;
				SWIFT_ACTIVE_COMPILATION_CONDITIONS = DEBUG;
				SWIFT_OPTIMIZATION_LEVEL = "-Onone";
			};
			name = Debug;
		};
		3D5747A0283D7FC50029DBAB /* Release */ = {
			isa = XCBuildConfiguration;
			buildSettings = {
				ALWAYS_SEARCH_USER_PATHS = NO;
				CLANG_ANALYZER_NONNULL = YES;
				CLANG_ANALYZER_NUMBER_OBJECT_CONVERSION = YES_AGGRESSIVE;
				CLANG_CXX_LANGUAGE_STANDARD = "gnu++17";
				CLANG_CXX_LIBRARY = "libc++";
				CLANG_ENABLE_MODULES = YES;
				CLANG_ENABLE_OBJC_ARC = YES;
				CLANG_ENABLE_OBJC_WEAK = YES;
				CLANG_WARN_BLOCK_CAPTURE_AUTORELEASING = YES;
				CLANG_WARN_BOOL_CONVERSION = YES;
				CLANG_WARN_COMMA = YES;
				CLANG_WARN_CONSTANT_CONVERSION = YES;
				CLANG_WARN_DEPRECATED_OBJC_IMPLEMENTATIONS = YES;
				CLANG_WARN_DIRECT_OBJC_ISA_USAGE = YES_ERROR;
				CLANG_WARN_DOCUMENTATION_COMMENTS = YES;
				CLANG_WARN_EMPTY_BODY = YES;
				CLANG_WARN_ENUM_CONVERSION = YES;
				CLANG_WARN_INFINITE_RECURSION = YES;
				CLANG_WARN_INT_CONVERSION = YES;
				CLANG_WARN_NON_LITERAL_NULL_CONVERSION = YES;
				CLANG_WARN_OBJC_IMPLICIT_RETAIN_SELF = YES;
				CLANG_WARN_OBJC_LITERAL_CONVERSION = YES;
				CLANG_WARN_OBJC_ROOT_CLASS = YES_ERROR;
				CLANG_WARN_QUOTED_INCLUDE_IN_FRAMEWORK_HEADER = YES;
				CLANG_WARN_RANGE_LOOP_ANALYSIS = YES;
				CLANG_WARN_STRICT_PROTOTYPES = YES;
				CLANG_WARN_SUSPICIOUS_MOVE = YES;
				CLANG_WARN_UNGUARDED_AVAILABILITY = YES_AGGRESSIVE;
				CLANG_WARN_UNREACHABLE_CODE = YES;
				CLANG_WARN__DUPLICATE_METHOD_MATCH = YES;
				COPY_PHASE_STRIP = NO;
				DEBUG_INFORMATION_FORMAT = "dwarf-with-dsym";
				ENABLE_NS_ASSERTIONS = NO;
				ENABLE_STRICT_OBJC_MSGSEND = YES;
				GCC_C_LANGUAGE_STANDARD = gnu11;
				GCC_NO_COMMON_BLOCKS = YES;
				GCC_WARN_64_TO_32_BIT_CONVERSION = YES;
				GCC_WARN_ABOUT_RETURN_TYPE = YES_ERROR;
				GCC_WARN_UNDECLARED_SELECTOR = YES;
				GCC_WARN_UNINITIALIZED_AUTOS = YES_AGGRESSIVE;
				GCC_WARN_UNUSED_FUNCTION = YES;
				GCC_WARN_UNUSED_VARIABLE = YES;
				IPHONEOS_DEPLOYMENT_TARGET = 15.2;
				MTL_ENABLE_DEBUG_INFO = NO;
				MTL_FAST_MATH = YES;
				SDKROOT = iphoneos;
				SWIFT_COMPILATION_MODE = wholemodule;
				SWIFT_OPTIMIZATION_LEVEL = "-O";
				VALIDATE_PRODUCT = YES;
			};
			name = Release;
		};
		3D5747A2283D7FC50029DBAB /* Debug */ = {
			isa = XCBuildConfiguration;
			buildSettings = {
				ASSETCATALOG_COMPILER_APPICON_NAME = AppIcon;
				ASSETCATALOG_COMPILER_GLOBAL_ACCENT_COLOR_NAME = AccentColor;
				CODE_SIGN_STYLE = Automatic;
				CURRENT_PROJECT_VERSION = 1;
				DEVELOPMENT_TEAM = RT5UP3L47X;
				GENERATE_INFOPLIST_FILE = YES;
				INFOPLIST_FILE = Upcuisine/Info.plist;
				INFOPLIST_KEY_NSLocationWhenInUseUsageDescription = "Location tracking trace";
				INFOPLIST_KEY_UIApplicationSupportsIndirectInputEvents = YES;
				INFOPLIST_KEY_UILaunchStoryboardName = LaunchScreen;
				INFOPLIST_KEY_UIMainStoryboardFile = Main;
				INFOPLIST_KEY_UISupportedInterfaceOrientations = UIInterfaceOrientationPortrait;
				INFOPLIST_KEY_UISupportedInterfaceOrientations_iPad = "UIInterfaceOrientationPortrait UIInterfaceOrientationPortraitUpsideDown UIInterfaceOrientationLandscapeLeft UIInterfaceOrientationLandscapeRight";
				INFOPLIST_KEY_UISupportedInterfaceOrientations_iPhone = "UIInterfaceOrientationPortrait UIInterfaceOrientationLandscapeLeft UIInterfaceOrientationLandscapeRight";
				LD_RUNPATH_SEARCH_PATHS = (
					"$(inherited)",
					"@executable_path/Frameworks",
				);
				MARKETING_VERSION = 1.0;
				PRODUCT_BUNDLE_IDENTIFIER = com.info.Upcuisine;
				PRODUCT_NAME = "$(TARGET_NAME)";
				SWIFT_EMIT_LOC_STRINGS = YES;
				SWIFT_VERSION = 5.0;
				TARGETED_DEVICE_FAMILY = "1,2";
			};
			name = Debug;
		};
		3D5747A3283D7FC50029DBAB /* Release */ = {
			isa = XCBuildConfiguration;
			buildSettings = {
				ASSETCATALOG_COMPILER_APPICON_NAME = AppIcon;
				ASSETCATALOG_COMPILER_GLOBAL_ACCENT_COLOR_NAME = AccentColor;
				CODE_SIGN_STYLE = Automatic;
				CURRENT_PROJECT_VERSION = 1;
				DEVELOPMENT_TEAM = RT5UP3L47X;
				GENERATE_INFOPLIST_FILE = YES;
				INFOPLIST_FILE = Upcuisine/Info.plist;
				INFOPLIST_KEY_NSLocationWhenInUseUsageDescription = "Location tracking trace";
				INFOPLIST_KEY_UIApplicationSupportsIndirectInputEvents = YES;
				INFOPLIST_KEY_UILaunchStoryboardName = LaunchScreen;
				INFOPLIST_KEY_UIMainStoryboardFile = Main;
				INFOPLIST_KEY_UISupportedInterfaceOrientations = UIInterfaceOrientationPortrait;
				INFOPLIST_KEY_UISupportedInterfaceOrientations_iPad = "UIInterfaceOrientationPortrait UIInterfaceOrientationPortraitUpsideDown UIInterfaceOrientationLandscapeLeft UIInterfaceOrientationLandscapeRight";
				INFOPLIST_KEY_UISupportedInterfaceOrientations_iPhone = "UIInterfaceOrientationPortrait UIInterfaceOrientationLandscapeLeft UIInterfaceOrientationLandscapeRight";
				LD_RUNPATH_SEARCH_PATHS = (
					"$(inherited)",
					"@executable_path/Frameworks",
				);
				MARKETING_VERSION = 1.0;
				PRODUCT_BUNDLE_IDENTIFIER = com.info.Upcuisine;
				PRODUCT_NAME = "$(TARGET_NAME)";
				SWIFT_EMIT_LOC_STRINGS = YES;
				SWIFT_VERSION = 5.0;
				TARGETED_DEVICE_FAMILY = "1,2";
			};
			name = Release;
		};
/* End XCBuildConfiguration section */

/* Begin XCConfigurationList section */
		3D574785283D7FC40029DBAB /* Build configuration list for PBXProject "Upcuisine" */ = {
			isa = XCConfigurationList;
			buildConfigurations = (
				3D57479F283D7FC50029DBAB /* Debug */,
				3D5747A0283D7FC50029DBAB /* Release */,
			);
			defaultConfigurationIsVisible = 0;
			defaultConfigurationName = Release;
		};
		3D5747A1283D7FC50029DBAB /* Build configuration list for PBXNativeTarget "Upcuisine" */ = {
			isa = XCConfigurationList;
			buildConfigurations = (
				3D5747A2283D7FC50029DBAB /* Debug */,
				3D5747A3283D7FC50029DBAB /* Release */,
			);
			defaultConfigurationIsVisible = 0;
			defaultConfigurationName = Release;
		};
/* End XCConfigurationList section */

/* Begin XCRemoteSwiftPackageReference section */
		3D2DC1FB283FEE6900BE0B15 /* XCRemoteSwiftPackageReference "Alamofire" */ = {
			isa = XCRemoteSwiftPackageReference;
			repositoryURL = "https://github.com/Alamofire/Alamofire.git";
			requirement = {
				branch = master;
				kind = branch;
			};
		};
		3D2DC2032840505900BE0B15 /* XCRemoteSwiftPackageReference "Kingfisher" */ = {
			isa = XCRemoteSwiftPackageReference;
			repositoryURL = "https://github.com/onevcat/Kingfisher.git";
			requirement = {
				kind = upToNextMajorVersion;
				minimumVersion = 7.0.0;
			};
		};
		3D2FF3BC284A7B3A00F5287D /* XCRemoteSwiftPackageReference "StepperView" */ = {
			isa = XCRemoteSwiftPackageReference;
			repositoryURL = "https://github.com/badrinathvm/StepperView.git";
			requirement = {
				kind = upToNextMajorVersion;
				minimumVersion = 1.0.0;
			};
		};
/* End XCRemoteSwiftPackageReference section */

/* Begin XCSwiftPackageProductDependency section */
		3D2DC1FC283FEE6900BE0B15 /* Alamofire */ = {
			isa = XCSwiftPackageProductDependency;
			package = 3D2DC1FB283FEE6900BE0B15 /* XCRemoteSwiftPackageReference "Alamofire" */;
			productName = Alamofire;
		};
		3D2DC2042840505900BE0B15 /* Kingfisher */ = {
			isa = XCSwiftPackageProductDependency;
			package = 3D2DC2032840505900BE0B15 /* XCRemoteSwiftPackageReference "Kingfisher" */;
			productName = Kingfisher;
		};
		3D2FF3BD284A7B3A00F5287D /* StepperView */ = {
			isa = XCSwiftPackageProductDependency;
			package = 3D2FF3BC284A7B3A00F5287D /* XCRemoteSwiftPackageReference "StepperView" */;
			productName = StepperView;
		};
/* End XCSwiftPackageProductDependency section */

/* Begin XCVersionGroup section */
		3D574796283D7FC40029DBAB /* Upcuisine.xcdatamodeld */ = {
			isa = XCVersionGroup;
			children = (
				3D574797283D7FC40029DBAB /* Upcuisine.xcdatamodel */,
			);
			currentVersion = 3D574797283D7FC40029DBAB /* Upcuisine.xcdatamodel */;
			path = Upcuisine.xcdatamodeld;
			sourceTree = "<group>";
			versionGroupType = wrapper.xcdatamodel;
		};
/* End XCVersionGroup section */
	};
	rootObject = 3D574782283D7FC40029DBAB /* Project object */;
}
